schema_version: 1
verified_at: 2026-09-23
oh_my_zsh:
  source: https://github.com/ohmyzsh/ohmyzsh
  commit: 74965c96098134b192f00084f966b4b02438a739
plugins:
  - name: zsh-autosuggestions
    source: https://github.com/zsh-users/zsh-autosuggestions
    commit: 85919cd1ffa7d2d5412f6d3fe437ebdbeeec4fc5
  - name: zsh-syntax-highlighting
    source: https://github.com/zsh-users/zsh-syntax-highlighting
    commit: 0bfcb582e71d3abe604ce67bc0fe5a21f377507e
  - name: zsh-completions
    source: https://github.com/zsh-users/zsh-completions
    commit: b5e8e0a22deb05a807bb8655aef809a29f3cffed
components:
  - name: fzf
    source: https://github.com/junegunn/fzf
    commit: a140afeb4d733cad3c96a56bf6db7e26853b6757
  - name: zoxide
    source: https://github.com/ajeetdsouza/zoxide
    commit: 09a18b4424b3f1033094ffd97da6d47585e38259
