schema_version: 2
verified_at: 2026-09-28
apt:
  distribution: resolute
  snapshot: 20261005T000000Z
  packages:
    7zip: 26.00+dfsg-1
    bind9-dnsutils: 1:9.20.24-1ubuntu0.3
    binutils: 2.46-3ubuntu2
    ca-certificates: 20260601~26.04.1
    crunch: 3.6-3.1
    curl: 8.18.0-1ubuntu2.7
    fd-find: 10.3.0-2ubuntu1
    file: 1:5.46-5build2
    gdb: 17.1-2ubuntu1
    gdb-multiarch: 17.1-2ubuntu1
    git: 1:2.53.0-1ubuntu1
    hashcat: 7.1.2+ds1-3
    hexedit: 1.6-2build1
    iproute2: 6.19.0-1ubuntu1.1
    iputils-ping: 3:20250605-1ubuntu1
    john: 1.9.0-3build1
    jq: 1.8.1-4ubuntu2
    krb5-user: 1.22.1-2ubuntu4.1
    ldap-utils: 2.6.10+dfsg-1ubuntu5
    less: 668-1build1
    libffi8: 3.5.2-4
    libgdbm6t64: 1.26-1build1
    libimage-exiftool-perl: 13.50+dfsg-1
    libpcap0.8t64: 1.10.6-1ubuntu1.1
    libpq5: 18.6-0ubuntu0.26.04.1
    libproxychains4: 4.17-3build1
    libreadline8t64: 8.3-4
    libsqlite3-0: 3.46.1-9ubuntu0.3
    libusb-1.0-0: 2:1.0.29-2build1
    libxml2-16: 2.15.2+dfsg-0.1ubuntu0.2
    libxslt1.1: 1.1.45-0.1
    libyaml-0-2: 0.2.5-2build3
    nmap: 7.98+dfsg-1
    nikto: 1:2.1.5-3.1build1
    openssh-client: 1:10.2p1-2ubuntu3.6
    openssh-server: 1:10.2p1-2ubuntu3.6
    openvpn: 2.7.0-1ubuntu1.3
    pocl-opencl-icd: 6.0-7build1
    procps: 2:4.0.4-9ubuntu1
    proxychains4: 4.17-3build1
    python3: 3.14.3-0ubuntu2
    python3-ldap3: 2.9.1-2build1
    python3-packaging: 26.0-1
    ripgrep: 15.1.0-1ubuntu1
    samba-common-bin: 2:4.23.6+dfsg-1ubuntu2.2
    smbclient: 2:4.23.6+dfsg-1ubuntu2.2
    socat: 1.8.1.1-1ubuntu0.1
    sqlmap: 1.10.4-1
    tmux: 3.6a-2ubuntu0.1
    unzip: 6.0-29ubuntu1
    util-linux: 2.41.3-3ubuntu2.2
    wireguard-tools: 1.0.20250521-1ubuntu1
    zlib1g: 1:1.3.dfsg+really1.3.1-1ubuntu3.1
    zsh: 5.9-8ubuntu3
base_images:
  - name: ubuntu
    reference: docker.io/library/ubuntu:26.04
    digest: sha256:da6fc2be547864451aa253836dd926da33623312df4a9a243e35dc877c378a78
    platforms:
      linux/amd64: sha256:496754492fb28b4d3049432f2ca787449331e23fb14f0dd3fffea86bf5a93eb4
      linux/arm64: sha256:11dc1ccb427f0464a2369e645454c272bb0baece7357c892ba69d313b3a332cf
    source: https://hub.docker.com/_/ubuntu
third_party_binaries:
  - name: ttyd
    version: 1.7.7
    source: https://github.com/tsl0922/ttyd/releases/download/1.7.7/
    assets:
      linux/amd64:
        file: ttyd.x86_64
        sha256: 8a217c968aba172e0dbf3f34447218dc015bc4d5e59bf51db2f2cd12b7be4f55
      linux/arm64:
        file: ttyd.aarch64
        sha256: b38acadd89d1d396a0f5649aa52c539edbad07f4bc7348b27b4f4b7219dd4165
  - name: zoxide
    version: 0.10.0
    source: https://github.com/ajeetdsouza/zoxide/releases/download/v0.10.0/
    assets:
      linux/amd64:
        file: zoxide-0.10.0-x86_64-unknown-linux-musl.tar.gz
        sha256: 2d93385b99f3e82cf2701609a1bffcad863fbeb75aa3fe7eb6be4d29be68b1ae
      linux/arm64:
        file: zoxide-0.10.0-aarch64-unknown-linux-musl.tar.gz
        sha256: f1f16c5d6298d63dee467eedea1cdcd8490e43e493bea43acd416dc9033ef641
  - name: dalfox
    version: 3.2.1
    source: https://github.com/hahwul/dalfox/releases/download/v3.2.1/
    note: upstream reescrito en Rust; se consume binario musl oficial verificado
    assets:
      linux/amd64:
        file: dalfox-v3.2.1-linux-x86_64-musl.tar.gz
        sha256: 99d2bbe01a7c0ac6e455cba0363900c5aef2866bd08a2cd5f00b83d7b9671c20
        binary_sha256: e18fbb782da8502f6aef71396df2963cb89b579b1c3652c868c7bd5e54d2bd3f
      linux/arm64:
        file: dalfox-v3.2.1-linux-aarch64-musl.tar.gz
        sha256: e10f3f95e3033899c0912c1b9032d35f754caeeb002b0b8153e2958e54485694
        binary_sha256: 41b0347ce064c58d535ed201a226368e7916042d81e51bc7441b379c381a6164
  - name: feroxbuster
    version: 2.13.1
    source: https://github.com/epi052/feroxbuster/releases/download/v2.13.1/
    note: upstream sin checksums publicados; sha256 medidos sobre TLS y fijados
    assets:
      linux/amd64:
        file: x86_64-linux-feroxbuster.tar.gz
        sha256: 7985c00e6803b0f25d5e9139f7472279f3f4d891429627a5cedc629e53992d80
        binary_sha256: 24e7f3dfefc96b5bde3043b1c0e1016e4f947eb28275def1ec2ea59fddeb9b40
      linux/arm64:
        file: aarch64-linux-feroxbuster.zip
        sha256: 1e5244e1f52e55a647b65e0c76ae7afe0b9983c1fbea30ed7c67e477175eb381
        binary_sha256: 6db5d0b24b5345951be35ce4130efb12576d70c7a4a2dd0d1a1cc28374194200
  - name: enum4linux-ng
    version: 1.3.10
    source: https://raw.githubusercontent.com/cddmp/enum4linux-ng/v1.3.10/enum4linux-ng.py
    kind: script python
    commit: f34e7bb3bc2bcd10267a7257fb3658154434ccf4
    sha256: a948a9d105594931b083ce864c4019ffe137f3b30cba6ddf0bec331da748147d
    # Es un script, no un binario: el SHA256 es el del fichero exacto de ese
    # tag y no cambia entre arquitecturas. El tag lleva la v delante
    # (v1.3.10): sin ella raw.githubusercontent devuelve 404, que es como se
    # rompio el build la primera vez.
    #
    # Su shebang se reescribe en el Dockerfile a /opt/nxc/bin/python3 porque
    # necesita impacket, y en esta imagen impacket solo existe dentro del venv
    # de NetExec. ldap3 tambien esta ahi; PyYAML se instala en el venv con pip
    # (PyYAML==6.0.3) y ademas como python3-yaml de apt. Con el python del
    # sistema la tool no arranca: ModuleNotFoundError.
    interpreter: /opt/nxc/bin/python3
    requirements: [impacket>=0.9.21, ldap3, PyYAML>=5.1]
    note: >-
      Enumeracion SMB/LDAP/NBNS de Windows. Complementa a smbclient y rpcclient
      a pelo. Solo entra en la imagen full.
  - name: gef
    version: 2026.01
    source: https://raw.githubusercontent.com/hugsy/gef/18404074f469c70480aae071fbb77b75a2ed8507/gef.py
    kind: script python
    commit: 18404074f469c70480aae071fbb77b75a2ed8507
    sha256: 04cdfe961f1e9151933d32cf6b548d9e6a76a1aef8b27c020c575b8d4264ed20
    path: /usr/local/share/seclab/gef/gef.py
    note: >-
      GDB Enhanced Features para reversing, binary exploitation y CTFs. Extension
      en Python puro sin dependencias externas para gdb y gdb-multiarch.
templates:
  - name: nuclei-templates
    version: v10.4.9
    source: https://github.com/projectdiscovery/nuclei-templates
    commit: 893122ffce8ebf8e264f15d2cd3960cb1dd36d6c
    path: /usr/local/share/seclab/nuclei-templates
  - name: gf-patterns
    version: 1.0.0
    source: https://github.com/1ndianl33t/Gf-Patterns
    commit: f686f06ae647726578920084c894100d702496cc
    path: /usr/local/share/seclab/gf-patterns
    note: Coleccion comunitaria de patrones JSON para gf (XSS, SSRF, SQLi, RCE, LFI, etc.) complementada con los ejemplos oficiales de tomnomnom/gf.
wordlists:
  - source: SecLists
    commit: eccfbd405af82194e125a450a0076dbe4252d6f9
    path: /usr/local/share/seclab/wordlists
    files:
      common.txt:
        upstream: Discovery/Web-Content/common.txt
        sha256: 47fb86ca6fb3f97e5491161581900d6d99851fb16764eacddf16aa85617c956a
      raft-small-words.txt:
        upstream: Discovery/Web-Content/raft-small-words.txt
        sha256: 1aadf7dafde5ca68f5e5160c9206f7be6f6fc701775cdea30ba01bbb6d8db8ad
      subdomains-top5000.txt:
        upstream: Discovery/DNS/subdomains-top1million-5000.txt
        sha256: e331367c140298cb179114fdeefa78f58f696219f0dec017a28bb79487cfcf19
      directory-list-2.3-small.txt:
        upstream: Discovery/Web-Content/DirBuster-2007_directory-list-2.3-small.txt
        sha256: 77f7aba81570b24c30965bfc4652cf6c99ee4e5ed38f1eab96f2e102981a6d90
ruby:
  - name: wpscan
    version: 4.1.0
    source: https://rubygems.org/gems/wpscan/4.1.0/
    gem_home: /opt/wpscan-gems
    wrapper: scripts/wpscan-wrapper.sh
    note: escaner de WordPress. Se instala en un GEM_HOME propio para no tocar el
         bundle bloqueado de Metasploit con el que comparte nokogiri.
  - name: zsteg
    version: 0.2.14
    source: https://rubygems.org/gems/zsteg/0.2.14/
    gem_home: /opt/zsteg-gems
    wrapper: scripts/zsteg-wrapper.sh
    dependencies: [iostruct >= 0.7.0, prime, zpng >= 0.4.6]
    note: extraccion de datos esteganograficos. Ruby puro, pero se compila en
         msf-builder junto a wpscan por si alguna dependencia suya trae extension.
         Bug conocido de 0.2.14 - el atajo `zsteg -e lsb` aborta con
         NoMethodError porque decode_param_string no rellena channels si no se
         indica ninguno. Hay que pasar siempre los canales, por ejemplo
         `zsteg -e b1,lsb,rgba`. El informe sin -e (`zsteg fichero`) si
         funciona. Es la ultima version publicada, asi que no hay una corregida.
python:
  - name: pwntools
    version: 4.15.0
    requirements:
      - scripts/pwntools-requirements-aarch64.txt
      - scripts/pwntools-requirements-x86_64.txt
    note: >-
      34 paquetes con hashes por arquitectura. Los hashes son POR VERSION DE
      PYTHON, no por version del paquete: el mismo cffi 2.1.1 tiene binarios
      distintos para cp312 y cp314, con hash distinto cada uno. Al subir a
      Python 3.14 (migracion a Ubuntu 26.04) hubo que rehacer los dos ficheros
      con `pip download --python-version 3.14 --abi cp314` y sha256 sobre el
      wheel exacto. El build lo detecto solo y fallo: es la prueba de que el
      pin funciona. Tres paquetes bajaron de version y cada uno por un motivo
      medido, no por conveniencia: unicorn 2.1.2 -> 2.1.1 porque la 2.1.2 no
      publica wheel para cp314 y la 2.1.4 si publica pero pwntools 4.15.0 la
      excluye (exige >=2.0.1,!=2.1.3,!=2.1.4); psutil 7.2.2 -> 7.1.1 porque
      el 7.2.2 no tiene wheel x86_64 para cp314; y packaging 26.3 -> 26.0
      porque el snapshot de 26.04 solo tiene 26.0 y es la que instala dpkg, y
      con 26.3 pip intenta desinstalar la del sistema y falla con "no RECORD
      file". pwntools pide `packaging` sin fijar version, asi que 26.0 cumple.
built_binaries:
  - name: fzf
    version: 0.74.4
    source: https://github.com/junegunn/fzf
    commit: a140afeb4d733cad3c96a56bf6db7e26853b6757
    builder: docker.io/library/golang:1.25.13@sha256:cbff9d1a9041b316010f2da6b701b6c0d597718cb90928c85eb597334a0d23d4
    go: 1.25.13
    go_directive: 1.25.0
    cgo: false
    dependency_overrides:
      golang.org/x/sys:
        version: 0.44.0
        sum: h1:ildZl3J4uzeKP07r2F++Op7E9B29JRUy+a27EibtBTQ=
        go_mod_sum: h1:4GL1E5IUh+htKOUEOaiffhrAeqysfVGipDYzABqnCmw=
    assets:
      linux/amd64:
        file: fzf
        sha256: 634bdd2a61ec82ce5d893dd045bdbcf2532ce9e417a8506e81568b04b326e2cb
      linux/arm64:
        file: fzf
        sha256: 2cadb71a909bf08e54db3cc38116a64efd5cefbd4fb9286008f03ef88dcf5519
  - name: subfinder
    version: 2.16.0
    source: https://github.com/projectdiscovery/subfinder
    commit: b360529eebcd29345e44b3a9da3b2b0c04a13ff2
    builder: docker.io/library/golang:1.26.8@sha256:6c2a5538f964f1c82f97ad14988bf05de100d922d159d0e398b54c7b0ca0c6c9
    go: 1.26.8
    go_directive: 1.25.0
    cgo: false
    package: ./cmd/subfinder
    dependency_overrides:
      golang.org/x/crypto: v0.56.0
      golang.org/x/net: v0.58.0
    assets:
      linux/amd64:
        file: subfinder
        sha256: ae8368ed6af742ef68b4720b330a173c0ab71a469e8948f85fe0422ba8885dc9
      linux/arm64:
        file: subfinder
        sha256: 713cd33e1ae335550681b34be0c1e9bcbdef47a4e892f4b8205a893f0ce7d93c
  - name: httpx
    version: 1.11.0
    source: https://github.com/projectdiscovery/httpx
    commit: c5f67adce6c57c05a6837ebb4f0eba8e81fdcf00
    builder: docker.io/library/golang:1.26.8@sha256:6c2a5538f964f1c82f97ad14988bf05de100d922d159d0e398b54c7b0ca0c6c9
    go: 1.26.8
    go_directive: 1.26.0
    cgo: false
    package: ./cmd/httpx
    dependency_overrides:
      golang.org/x/crypto: v0.56.0
      golang.org/x/net: v0.58.0
    assets:
      linux/amd64:
        file: httpx
        sha256: 095c33c8e803d343173276c96427aa62fe6b344bf4776a79ce51a0b4b8b3c543
      linux/arm64:
        file: httpx
        sha256: f9b2beaae7f88692c976a7d26bfc647767a2d5fbbc832025df977a7e41285758
  - name: katana
    version: 1.7.0
    source: https://github.com/projectdiscovery/katana
    commit: 17b0af27a79098a1634c915ca7fca51ed1171e41
    builder: docker.io/library/golang:1.26.8@sha256:6c2a5538f964f1c82f97ad14988bf05de100d922d159d0e398b54c7b0ca0c6c9
    go: 1.26.8
    go_directive: 1.26
    cgo: false
    package: ./cmd/katana
    dependency_overrides:
      golang.org/x/crypto: v0.56.0
      golang.org/x/net: v0.58.0
      github.com/jackc/pgx/v5: v5.9.0
    assets:
      linux/amd64:
        file: katana
        sha256: 8cfd7634755172867a6c4ac41e98c2d6c1e423154f11f69da20b4e8965f96974
      linux/arm64:
        file: katana
        sha256: d027f0cccb82f40753d3e360dfd72f58c7a7fb5c3bdb22f969c133fa6f512b50
  - name: nuclei
    version: 3.11.1
    source: https://github.com/projectdiscovery/nuclei
    commit: a8c88feb4a1c8e961b7902534ce3af97e9d524a4
    builder: docker.io/library/golang:1.26.8@sha256:6c2a5538f964f1c82f97ad14988bf05de100d922d159d0e398b54c7b0ca0c6c9
    go: 1.26.8
    go_directive: 1.26
    cgo: false
    package: ./cmd/nuclei
    dependency_overrides:
      golang.org/x/crypto: v0.56.0
      golang.org/x/net: v0.58.0
      golang.org/x/mod: v0.40.0
      google.golang.org/grpc: v1.83.2
      github.com/go-git/go-git/v5: v5.19.2
    assets:
      linux/amd64:
        file: nuclei
        sha256: 571b1750011292afa587bebaae54d3a280ca2d8fc01b9e0becb01019378d1922
      linux/arm64:
        file: nuclei
        sha256: a2257bdbedf66df45ab9d6e0f6ff37ebd2b99e5d1fbabbbc6c6a657422894331
  - name: ffuf
    version: 2.2.0
    source: https://github.com/ffuf/ffuf
    commit: 0aa36bcfa45c255f0d719f7d5bc58f7cc9c93659
    builder: docker.io/library/golang:1.26.8@sha256:6c2a5538f964f1c82f97ad14988bf05de100d922d159d0e398b54c7b0ca0c6c9
    go: 1.26.8
    go_directive: 1.17
    cgo: false
    package: .
    note: el tag v2.2.0 conserva VERSION 2.1.0-dev en pkg/ffuf/constants.go
    dependency_overrides:
      golang.org/x/net: v0.57.0
    assets:
      linux/amd64:
        file: ffuf
        sha256: c36876beba0b10a9c90432248ee8e38120e3d280eda353b39e9b432a3a883859
      linux/arm64:
        file: ffuf
        sha256: 048fd4a4c6c07b13c1758ba4b00018976624502b061f43614cfad8d5bcce2060
  - name: gobuster
    version: 3.8.2
    source: https://github.com/OJ/gobuster
    commit: e8410cad6cacf08b82e2f610055f636f0be61c40
    builder: docker.io/library/golang:1.26.8@sha256:6c2a5538f964f1c82f97ad14988bf05de100d922d159d0e398b54c7b0ca0c6c9
    go: 1.26.8
    go_directive: 1.25
    cgo: false
    package: .
    dependency_overrides:
      golang.org/x/crypto: v0.56.0
      golang.org/x/net: v0.58.0
    assets:
      linux/amd64:
        file: gobuster
        sha256: 9e01c1854a2a17ab92d381c5e4c3639c0ea9ce708d3c10202277df1d3ad4b913
      linux/arm64:
        file: gobuster
        sha256: 8154b1802209e9a483c05370b128d27dcdcb183c0ca6a01839867fe10c39ace8
  - name: naabu
    version: 2.6.1
    source: https://github.com/projectdiscovery/naabu
    commit: 5a0ca8bde91b5bb16213e9e8b5c6871eac954bd8
    builder: docker.io/library/golang:1.26.8@sha256:6c2a5538f964f1c82f97ad14988bf05de100d922d159d0e398b54c7b0ca0c6c9
    go: 1.26.8
    go_directive: 1.24.0
    cgo: true
    cgo_cross:
      amd64: gcc-x86-64-linux-gnu=4:14.2.0-1 + libpcap-dev:amd64=1.10.5-2
      arm64: gcc-aarch64-linux-gnu=4:14.2.0-1 + libpcap-dev:arm64=1.10.5-2
    package: ./cmd/naabu
    dependency_overrides:
      golang.org/x/crypto: v0.56.0
      golang.org/x/net: v0.58.0
    assets:
      linux/amd64:
        file: naabu
        sha256: acb5a5cf1a84fdbfeb8714e8879aa75be582426aed2b827468ffa4b5adcf860f
      linux/arm64:
        file: naabu
        sha256: d0d3834f5f6bf8b5c77deb0a86c109df0f26da7d6231e5e2bae551bd846becd3
  - name: dnsx
    version: 1.3.1
    source: https://github.com/projectdiscovery/dnsx
    commit: 01e315f216db7d36198ec326fac13dd7846b1bec
    tag: v1.3.1
    builder: docker.io/library/golang:1.26.8@sha256:6c2a5538f964f1c82f97ad14988bf05de100d922d159d0e398b54c7b0ca0c6c9
    go: 1.26.8
    go_directive: 1.25.0
    cgo: false
    package: ./cmd/dnsx
    note: cierra el hueco de resolucion DNS entre subfinder y httpx.
          x/net, x/mod y x/crypto vienen mas viejos en su go.mod y se suben al
          mismo valor que ya usan las demas herramientas de ProjectDiscovery.
    dependency_overrides:
      golang.org/x/net: v0.56.0
      golang.org/x/mod: v0.40.0
      golang.org/x/crypto: v0.56.0
  - name: anew
    version: 0.1.1
    source: https://github.com/tomnomnom/anew
    commit: 26ebc8ce1f0bdbaaee2930ea7ab191ed0c0da261
    tag: v0.1.1
    builder: docker.io/library/golang:1.26.8@sha256:6c2a5538f964f1c82f97ad14988bf05de100d922d159d0e398b54c7b0ca0c6c9
    go: 1.26.8
    go_directive: 1.18
    cgo: false
    package: .
    note: sin dependencias, solo biblioteca estandar.
  - name: waybackurls
    version: 0.1.0
    source: https://github.com/tomnomnom/waybackurls
    commit: 86aeb97852707e1a6fb3bcd33e61d5433a6476c5
    tag: v0.1.0
    builder: docker.io/library/golang:1.26.8@sha256:6c2a5538f964f1c82f97ad14988bf05de100d922d159d0e398b54c7b0ca0c6c9
    go: 1.26.8
    go_directive: 1.18
    cgo: false
    package: .
    note: sin dependencias, solo biblioteca estandar. Solo aporta con targets
          publicos; en direcciones internas no hay datos en Wayback.
  - name: gf
    version: 0.1.0
    source: https://github.com/tomnomnom/gf
    commit: dcd4c361f9f5ba302294ed38b8ce278e8ba69006
    builder: docker.io/library/golang:1.26.8@sha256:6c2a5538f964f1c82f97ad14988bf05de100d922d159d0e398b54c7b0ca0c6c9
    go: 1.26.8
    go_directive: 1.18
    cgo: false
    package: .
    note: wrapper de grep con soporte de patrones JSON para analisis de URLs y parametros.
  - name: qsreplace
    version: 0.0.3
    source: https://github.com/tomnomnom/qsreplace
    commit: 320475befaf66d986400aa8c3ed9b43e0b6b5a02
    tag: v0.0.3
    builder: docker.io/library/golang:1.26.8@sha256:6c2a5538f964f1c82f97ad14988bf05de100d922d159d0e398b54c7b0ca0c6c9
    go: 1.26.8
    go_directive: 1.18
    cgo: false
    package: .
    note: reemplazo masivo de query parameters en URLs para fuzzing e inyeccion de payloads.
  - name: bettercap
    version: 2.41.7
    source: https://github.com/bettercap/bettercap
    commit: dfe56780bb342b6a6715c9557a2cefe1f13d805c
    tag: v2.41.7
    builder: docker.io/library/golang:1.26.8@sha256:6c2a5538f964f1c82f97ad14988bf05de100d922d159d0e398b54c7b0ca0c6c9
    go: 1.26.8
    go_directive: 1.23.0
    cgo: true
    cgo_reason: github.com/google/gousb v1.1.3 es dependencia directa y no tiene
                build tag que la excluya, asi que no hay build sin cgo posible.
                Ademas gopacket/pcap pide pcap.h, de ahi libpcap-dev en el
                builder; en runtime el pcap ya lo aporta el toolkit (libpcap0.8t64).
    bumps:
      # Llega por antchfx/jsonquery. CVE-2026-32287 es DoS por bucle infinito
      # al evaluar un boolean XPath.
      - module: github.com/antchfx/xpath
        from: v1.3.4
        to: v1.3.6
        cves: [CVE-2026-32287]
    cgo_requires:
      # El builder es Debian trixie (imagen golang oficial); el runtime es
      # Ubuntu noble. Solo tiene que coincidir el soname libusb-1.0.so.0.
      build:
        distro: debian-trixie
        packages:
          - gcc=4:14.2.0-1
          - libpcap-dev=1.10.5-2
          - libusb-1.0-0-dev=2:1.0.28-1
      runtime:
        distro: ubuntu-noble-snapshot-20260925
        packages:
          - libusb-1.0-0=2:1.0.27-1
    package: .
    note: suite MITM/spoofing. Solo entra en la imagen full. Su release oficial
          solo trae linux_amd64, asi que en arm64 se compila desde este commit
          con el mismo patron de cross-compile que usa naabu.
  - name: s3scanner
    version: 3.1.1
    source: https://github.com/sa7mon/s3scanner
    commit: 9c61311a2f7610e523cfc8194abb98ab96c584d2
    tag: v3.1.1
    builder: docker.io/library/golang:1.26.8@sha256:6c2a5538f964f1c82f97ad14988bf05de100d922d159d0e398b54c7b0ca0c6c9
    go: 1.26.8
    go_directive: 1.22.0
    cgo: false
    package: .
    bumps:
      # Trae pgx 5.5.5, con CVE-2026-33815 y CVE-2026-33816 (CRITICAL,
      # memory safety). Se sube a la version corregida, como ya hace naabu.
      - module: github.com/jackc/pgx/v5
        from: v5.5.5
        to: v5.9.0
        cves: [CVE-2026-33815, CVE-2026-33816]
    note: enumera buckets S3. Solo entra en la imagen full.
  - name: pspy
    version: 1.2.1
    source: https://github.com/DominicBreuker/pspy
    commit: f9e6a1590a4312b9faa093d8dc84e19567977a6d
    builder: docker.io/library/golang:1.26.8@sha256:6c2a5538f964f1c82f97ad14988bf05de100d922d159d0e398b54c7b0ca0c6c9
    go: 1.26.8
    go_directive: 1.20
    cgo: false
    package: .
    built_from_source: true
    # Se compila y no se descarga porque NO existe release para aarch64.
    # pspy v1.2.1 publica pspy32, pspy32s, pspy64 y pspy64s, y `file` sobre
    # pspy64 devuelve "ELF 64-bit LSB executable, x86-64". Tampoco hay asset arm
    # en v1.2.0 ni en v1.1.0. El SHA256 del release x86-64
    # (c93f29a5...) NO sirve para arm64, asi que en Apple Silicon hay que
    # compilarlo, igual que naabu, bettercap y s3scanner.
    assets:
      linux/amd64:
        file: pspy
        sha256: 0cad8b62f6693ce5f6dca8a467cb1af1bbb60fc34e8cb9145d2c9b40a2f5bced
      linux/arm64:
        file: pspy
        sha256: 7434a572496d55ba463d107c5adc19c0f1d3c7e410fa5cafd040d4be2b4d2e18
    verify: >-
      El stage comprueba git rev-parse HEAD contra el commit fijado y
      describe --tags --exact-match contra v1.2.1; el build falla si no coinciden.
    note: >-
      Vigila procesos y eventos de filesystem en tiempo real. Lee /proc, asi que
      sin privilegios solo ve lo del usuario actual. Solo entra en la imagen full.
  - name: chisel
    version: 1.12.0
    source: https://github.com/jpillora/chisel
    commit: fe4f4fe7e6a849b4aa6d1b8ee47037e16033f42a
    builder: docker.io/library/golang:1.26.8@sha256:6c2a5538f964f1c82f97ad14988bf05de100d922d159d0e398b54c7b0ca0c6c9
    go: 1.26.8
    cgo: false
    package: .
    built_from_source: true
    dependency_overrides:
      golang.org/x/crypto: v0.56.0
      golang.org/x/net: v0.58.0
    payloads:
      - /usr/local/share/seclab/payloads/pivoting/chisel_linux_amd64
      - /usr/local/share/seclab/payloads/pivoting/chisel_linux_arm64
      - /usr/local/share/seclab/payloads/pivoting/chisel_windows_amd64.exe
    note: >-
      Tuneles TCP/UDP rapidos sobre HTTP/WebSockets con SSH embebido. Permite
      listeners SOCKS5 inversos e integracion con proxychains4.
  - name: ligolo-ng
    version: 0.9.2
    source: https://github.com/nicocha30/ligolo-ng
    commit: e543732f4be6dc899096ae322ae620bf010bfbfc
    builder: docker.io/library/golang:1.26.8@sha256:6c2a5538f964f1c82f97ad14988bf05de100d922d159d0e398b54c7b0ca0c6c9
    go: 1.26.8
    cgo: false
    package: ./cmd/proxy
    built_from_source: true
    dependency_overrides:
      golang.org/x/crypto: v0.56.0
      golang.org/x/net: v0.58.0
    payloads:
      - /usr/local/share/seclab/payloads/pivoting/ligolo_agent_linux_amd64
      - /usr/local/share/seclab/payloads/pivoting/ligolo_agent_linux_arm64
      - /usr/local/share/seclab/payloads/pivoting/ligolo_agent_windows_amd64.exe
    note: >-
      Herramienta avanzada de tunelado y pivoting de red con multiplexacion gVisor/yamux.
python_packages_full:
  - name: netexec
    version: 1.5.1
    source: https://github.com/Pennyw0rth/NetExec.git
    commit: c7dc286ba65daf10402cdc470e531b84e6d3d911
    tag: v1.5.1
    note: no esta en PyPI; se instala desde git fijado al commit, igual que metasploit.
         Varias dependencias se compilan desde fuente, por eso no se puede fijar con hashes por arquitectura.
         Expone nxc, netexec, NetExec y nxcdb. Instala en /opt/nxc y escribe ~/.nxc, que es symlink al volumen.
    runtime: /opt/nxc
    python: 3.14 (imagen base Ubuntu 26.04)
    build_deps: build-essential, cargo, git, pkg-config, libffi-dev, libssl-dev, python3-dev
    frozen:
      - "aardwolf==0.2.14"
      - "aesedb==0.1.8"
      - "aiosmb==0.4.14"
      - "aiowinreg==0.0.13"
      - "anyio==4.15.1"
      - "arc4==0.5.0"
      - "argcomplete==3.6.3"
      - "asn1crypto==1.5.1"
      - "asn1tools==0.169.0"
      - "asyauth==0.0.23"
      - "asysocks==0.2.18"
      - "bcrypt==5.0.0"
      - "beautifulsoup4==4.13.5"
      - "bitstruct==8.23.0"
      - "blinker==1.9.0"
      - "bloodhound-ce==1.9.1"
      - "certifi==2026.7.22"
      - "certipy-ad @ git+https://github.com/Pennyw0rth/Certipy@069e03113095aa02772aa3d8debea90654933fe4"
      - "cffi==2.1.1"
      - "charset-normalizer==3.5.2"
      - "click==8.5.0"
      - "colorama==0.4.6"
      - "cryptography==50.0.2"
      - "dnspython==2.7.0"
      - "dploot==4.1.1"
      - "dsinternals==1.2.5"
      - "Flask==3.1.3"
      - "h11==0.16.0"
      - "httpcore==1.0.9"
      - "httpx==0.28.1"
      - "idna==3.20"
      - "impacket @ git+https://github.com/fortra/impacket@1875828d0f2e987cd89c1bcb45f843708981a199"
      - "invoke==3.0.3"
      - "itsdangerous==2.2.0"
      - "Jinja2==3.1.6"
      - "jwt==1.4.0"
      - "ldap3==2.9.1"
      - "ldapdomaindump==0.10.0"
      - "lsassy==3.1.16"
      - "lxml==6.1.3"
      - "markdown-it-py==4.2.0"
      - "MarkupSafe==3.0.3"
      - "masky==0.2.1"
      - "mdurl==0.1.2"
      - "minidump==0.0.24"
      - "minikerberos==0.4.9"
      - "msldap==0.5.15"
      - "neo4j==6.3.1"
      - "netaddr==1.3.0"
      - "netexec @ git+https://github.com/Pennyw0rth/NetExec.git@c7dc286ba65daf10402cdc470e531b84e6d3d911"
      - "oscrypto @ git+https://github.com/wbond/oscrypto@76bfdcb7285d856c44f8d0fbafe0ecca1c6d2f8b"
      - "paramiko==5.0.0"
      - "pefile==2024.8.26"
      - "pick==2.6.0"
      - "pillow==12.3.0"
      - "pip==26.2.1"
      - "prompt_toolkit==3.0.53"
      - "pyasn1==0.6.4"
      - "pyasn1_modules==0.4.2"
      - "pycparser==3.0"
      - "pycryptodome==3.22.0"
      - "pycryptodomex==3.23.0"
      - "Pygments==2.21.0"
      - "pylnk3==0.4.3"
      - "PyNaCl==1.6.2"
      - "pyNfsClient @ git+https://github.com/Pennyw0rth/NfsClient@730650439f12eb8b7d9f61c0019840e29cba4b77"
      - "pyOpenSSL==26.4.0"
      # Anadido para enum4linux-ng, que hace `import yaml` y solo puede
      # ejecutarse con este venv (es donde vive impacket).
      - "PyYAML==6.0.3"
      - "pyparsing==3.3.3"
      - "pyperclip==1.11.0"
      - "pypsrp==0.9.1"
      - "pypykatz==0.6.13"
      - "pyspnego==0.12.3"
      - "python-dateutil==2.9.0.post0"
      - "python-libnmap==0.7.3"
      - "pytz==2026.4"
      - "requests==2.32.5"
      - "rich==15.0.0"
      - "setuptools==84.0.0"
      - "six==1.17.0"
      - "soupsieve==2.10"
      - "SQLAlchemy==2.1.1"
      - "tabulate==0.10.0"
      - "termcolor==3.3.0"
      - "terminaltables==3.1.10"
      - "tqdm==4.70.1"
      - "typing_extensions==4.16.0"
      - "unicrypto==0.0.12"
      - "urllib3==2.8.0"
      - "wcwidth==0.9.1"
      - "Werkzeug==3.1.9"
      - "winacl==0.1.9"
      - "xmltodict==1.0.4"
